
Microsoft Visual Studio Solution File, Format Version 12.00
# Visual Studio 14
VisualStudioVersion = 14.0.25420.1
MinimumVisualStudioVersion = 10.0.40219.1
Project("{A07B5EB6-E848-4116-A8D0-A826331D98C6}") = "PartyCluster", "PartyCluster\PartyCluster.sfproj", "{80E45AEF-08D3-48DE-B9C3-694A6DF2E9C4}"
EndProject
Project("{FAE04EC0-301F-11D3-BF4B-00C04F79EFBC}") = "PartyCluster.ClusterService", "PartyCluster.ClusterService\PartyCluster.ClusterService.csproj", "{9CF596CB-E0D2-493C-A6E9-42EBF481638F}"
EndProject
Project("{FAE04EC0-301F-11D3-BF4B-00C04F79EFBC}") = "PartyCluster.WebService", "PartyCluster.WebService\PartyCluster.WebService.csproj", "{08C5A75E-577D-4FDE-AB2E-EFCD30EED0E6}"
EndProject
Project("{FAE04EC0-301F-11D3-BF4B-00C04F79EFBC}") = "PartyCluster.Domain", "PartyCluster.Domain\PartyCluster.Domain.csproj", "{AF0BB737-6977-4F24-824A-C5A92EB683A5}"
EndProject
Project("{FAE04EC0-301F-11D3-BF4B-00C04F79EFBC}") = "PartyCluster.ClusterService.UnitTests", "PartyCluster.ClusterService.UnitTests\PartyCluster.ClusterService.UnitTests.csproj", "{CD6A9520-AE54-4F7D-A860-D791B5E43DB5}"
EndProject
Project("{FAE04EC0-301F-11D3-BF4B-00C04F79EFBC}") = "PartyCluster.Mocks", "PartyCluster.Mocks\PartyCluster.Mocks.csproj", "{4F1E9BD9-172B-47D7-819C-26B43A1F0BFB}"
EndProject
Project("{FAE04EC0-301F-11D3-BF4B-00C04F79EFBC}") = "Microsoft.Diagnostics.EventListeners", "Microsoft.Diagnostics.EventListeners\Microsoft.Diagnostics.EventListeners.csproj", "{5F87E027-BA54-469C-AD4D-EA52F9D8CEAB}"
EndProject
Project("{FAE04EC0-301F-11D3-BF4B-00C04F79EFBC}") = "Microsoft.Diagnostics.EventListeners.Fabric", "Microsoft.Diagnostics.EventListeners.Fabric\Microsoft.Diagnostics.EventListeners.Fabric.csproj", "{2D19BF76-04E1-4969-AD66-984160D38E2C}"
EndProject
Project("{FAE04EC0-301F-11D3-BF4B-00C04F79EFBC}") = "PartyCluster.Common", "PartyCluster.Common\PartyCluster.Common.csproj", "{F3DC529E-CF06-4D48-A0AC-110E2611EB71}"
EndProject
Project("{FAE04EC0-301F-11D3-BF4B-00C04F79EFBC}") = "PartyCluster.ApplicationDeployService", "PartyCluster.ApplicationDeployService\PartyCluster.ApplicationDeployService.csproj", "{B25F8241-F189-48F0-A5E9-BAE8A58EC4BD}"
EndProject
Project("{FAE04EC0-301F-11D3-BF4B-00C04F79EFBC}") = "PartyCluster.ApplicationDeployService.UnitTests", "PartyCluster.ApplicationDeployService.UnitTests\PartyCluster.ApplicationDeployService.UnitTests.csproj", "{84C6BC59-B5F1-4DFB-8FDB-418A3CA6CCC2}"
EndProject
Project("{2150E333-8FDC-42A3-9474-1A3956D46DE8}") = "ARM", "ARM", "{16EEA1A4-7A7C-4BDC-A5D6-7B5DAE108661}"
	ProjectSection(SolutionItems) = preProject
		..\ARM\PartyClusterServiceTemplate.json = ..\ARM\PartyClusterServiceTemplate.json
		..\ARM\PartyClusterServiceTemplate.parameters.json = ..\ARM\PartyClusterServiceTemplate.parameters.json
	EndProjectSection
EndProject
Project("{2150E333-8FDC-42A3-9474-1A3956D46DE8}") = "WADConfig", "WADConfig", "{D0F0D8D4-689D-42DB-A43A-524630D87D19}"
	ProjectSection(SolutionItems) = preProject
		..\WADConfig\WadConfigUpdate.json = ..\WADConfig\WadConfigUpdate.json
		..\WADConfig\WadConfigUpdateParams.json = ..\WADConfig\WadConfigUpdateParams.json
	EndProjectSection
EndProject
Global
	GlobalSection(SolutionConfigurationPlatforms) = preSolution
		CloudRelease|x64 = CloudRelease|x64
		LocalDebug|x64 = LocalDebug|x64
	EndGlobalSection
	GlobalSection(ProjectConfigurationPlatforms) = postSolution
		{80E45AEF-08D3-48DE-B9C3-694A6DF2E9C4}.CloudRelease|x64.ActiveCfg = CloudRelease|x64
		{80E45AEF-08D3-48DE-B9C3-694A6DF2E9C4}.CloudRelease|x64.Build.0 = CloudRelease|x64
		{80E45AEF-08D3-48DE-B9C3-694A6DF2E9C4}.CloudRelease|x64.Deploy.0 = CloudRelease|x64
		{80E45AEF-08D3-48DE-B9C3-694A6DF2E9C4}.LocalDebug|x64.ActiveCfg = LocalDebug|x64
		{80E45AEF-08D3-48DE-B9C3-694A6DF2E9C4}.LocalDebug|x64.Build.0 = LocalDebug|x64
		{80E45AEF-08D3-48DE-B9C3-694A6DF2E9C4}.LocalDebug|x64.Deploy.0 = LocalDebug|x64
		{9CF596CB-E0D2-493C-A6E9-42EBF481638F}.CloudRelease|x64.ActiveCfg = CloudRelease|x64
		{9CF596CB-E0D2-493C-A6E9-42EBF481638F}.CloudRelease|x64.Build.0 = CloudRelease|x64
		{9CF596CB-E0D2-493C-A6E9-42EBF481638F}.LocalDebug|x64.ActiveCfg = LocalDebug|x64
		{9CF596CB-E0D2-493C-A6E9-42EBF481638F}.LocalDebug|x64.Build.0 = LocalDebug|x64
		{08C5A75E-577D-4FDE-AB2E-EFCD30EED0E6}.CloudRelease|x64.ActiveCfg = CloudRelease|x64
		{08C5A75E-577D-4FDE-AB2E-EFCD30EED0E6}.CloudRelease|x64.Build.0 = CloudRelease|x64
		{08C5A75E-577D-4FDE-AB2E-EFCD30EED0E6}.LocalDebug|x64.ActiveCfg = LocalDebug|x64
		{08C5A75E-577D-4FDE-AB2E-EFCD30EED0E6}.LocalDebug|x64.Build.0 = LocalDebug|x64
		{AF0BB737-6977-4F24-824A-C5A92EB683A5}.CloudRelease|x64.ActiveCfg = CloudRelease|x64
		{AF0BB737-6977-4F24-824A-C5A92EB683A5}.CloudRelease|x64.Build.0 = CloudRelease|x64
		{AF0BB737-6977-4F24-824A-C5A92EB683A5}.LocalDebug|x64.ActiveCfg = LocalDebug|x64
		{AF0BB737-6977-4F24-824A-C5A92EB683A5}.LocalDebug|x64.Build.0 = LocalDebug|x64
		{CD6A9520-AE54-4F7D-A860-D791B5E43DB5}.CloudRelease|x64.ActiveCfg = CloudRelease|x64
		{CD6A9520-AE54-4F7D-A860-D791B5E43DB5}.CloudRelease|x64.Build.0 = CloudRelease|x64
		{CD6A9520-AE54-4F7D-A860-D791B5E43DB5}.LocalDebug|x64.ActiveCfg = LocalDebug|x64
		{CD6A9520-AE54-4F7D-A860-D791B5E43DB5}.LocalDebug|x64.Build.0 = LocalDebug|x64
		{4F1E9BD9-172B-47D7-819C-26B43A1F0BFB}.CloudRelease|x64.ActiveCfg = CloudRelease|x64
		{4F1E9BD9-172B-47D7-819C-26B43A1F0BFB}.CloudRelease|x64.Build.0 = CloudRelease|x64
		{4F1E9BD9-172B-47D7-819C-26B43A1F0BFB}.LocalDebug|x64.ActiveCfg = LocalDebug|x64
		{4F1E9BD9-172B-47D7-819C-26B43A1F0BFB}.LocalDebug|x64.Build.0 = LocalDebug|x64
		{5F87E027-BA54-469C-AD4D-EA52F9D8CEAB}.CloudRelease|x64.ActiveCfg = CloudRelease|x64
		{5F87E027-BA54-469C-AD4D-EA52F9D8CEAB}.CloudRelease|x64.Build.0 = CloudRelease|x64
		{5F87E027-BA54-469C-AD4D-EA52F9D8CEAB}.LocalDebug|x64.ActiveCfg = LocalDebug|x64
		{5F87E027-BA54-469C-AD4D-EA52F9D8CEAB}.LocalDebug|x64.Build.0 = LocalDebug|x64
		{2D19BF76-04E1-4969-AD66-984160D38E2C}.CloudRelease|x64.ActiveCfg = CloudRelease|x64
		{2D19BF76-04E1-4969-AD66-984160D38E2C}.CloudRelease|x64.Build.0 = CloudRelease|x64
		{2D19BF76-04E1-4969-AD66-984160D38E2C}.LocalDebug|x64.ActiveCfg = LocalDebug|x64
		{2D19BF76-04E1-4969-AD66-984160D38E2C}.LocalDebug|x64.Build.0 = LocalDebug|x64
		{F3DC529E-CF06-4D48-A0AC-110E2611EB71}.CloudRelease|x64.ActiveCfg = CloudRelease|x64
		{F3DC529E-CF06-4D48-A0AC-110E2611EB71}.CloudRelease|x64.Build.0 = CloudRelease|x64
		{F3DC529E-CF06-4D48-A0AC-110E2611EB71}.LocalDebug|x64.ActiveCfg = LocalDebug|x64
		{F3DC529E-CF06-4D48-A0AC-110E2611EB71}.LocalDebug|x64.Build.0 = LocalDebug|x64
		{B25F8241-F189-48F0-A5E9-BAE8A58EC4BD}.CloudRelease|x64.ActiveCfg = CloudRelease|x64
		{B25F8241-F189-48F0-A5E9-BAE8A58EC4BD}.CloudRelease|x64.Build.0 = CloudRelease|x64
		{B25F8241-F189-48F0-A5E9-BAE8A58EC4BD}.LocalDebug|x64.ActiveCfg = LocalDebug|x64
		{B25F8241-F189-48F0-A5E9-BAE8A58EC4BD}.LocalDebug|x64.Build.0 = LocalDebug|x64
		{84C6BC59-B5F1-4DFB-8FDB-418A3CA6CCC2}.CloudRelease|x64.ActiveCfg = CloudRelease|x64
		{84C6BC59-B5F1-4DFB-8FDB-418A3CA6CCC2}.CloudRelease|x64.Build.0 = CloudRelease|x64
		{84C6BC59-B5F1-4DFB-8FDB-418A3CA6CCC2}.LocalDebug|x64.ActiveCfg = LocalDebug|x64
		{84C6BC59-B5F1-4DFB-8FDB-418A3CA6CCC2}.LocalDebug|x64.Build.0 = LocalDebug|x64
	EndGlobalSection
	GlobalSection(SolutionProperties) = preSolution
		HideSolutionNode = FALSE
	EndGlobalSection
EndGlobal
